
Microsoft Visual Studio Solution File, Format Version 12.00
# Visual Studio 15
VisualStudioVersion = 15.0.28307.489
MinimumVisualStudioVersion = 10.0.40219.1
Project("{FAE04EC0-301F-11D3-BF4B-00C04F79EFBC}") = "M7_TrabalhoModelo_T2", "M7_TrabalhoModelo_T2\M7_TrabalhoModelo_T2.csproj", "{EEF3CD0A-B1D4-480F-BF2C-EB56D1CCE5EE}"
EndProject
Global
	GlobalSection(SolutionConfigurationPlatforms) = preSolution
		Debug|Any CPU = Debug|Any CPU
		Release|Any CPU = Release|Any CPU
	EndGlobalSection
	GlobalSection(ProjectConfigurationPlatforms) = postSolution
		{EEF3CD0A-B1D4-480F-BF2C-EB56D1CCE5EE}.Debug|Any CPU.ActiveCfg = Debug|Any CPU
		{EEF3CD0A-B1D4-480F-BF2C-EB56D1CCE5EE}.Debug|Any CPU.Build.0 = Debug|Any CPU
		{EEF3CD0A-B1D4-480F-BF2C-EB56D1CCE5EE}.Release|Any CPU.ActiveCfg = Release|Any CPU
		{EEF3CD0A-B1D4-480F-BF2C-EB56D1CCE5EE}.Release|Any CPU.Build.0 = Release|Any CPU
	EndGlobalSection
	GlobalSection(SolutionProperties) = preSolution
		HideSolutionNode = FALSE
	EndGlobalSection
	GlobalSection(ExtensibilityGlobals) = postSolution
		SolutionGuid = {BE92D908-D4D9-48A7-9ABB-BFF116459F66}
	EndGlobalSection
EndGlobal
